
Microsoft Visual Studio Solution File, Format Version 12.00
# Visual Studio 15
Project("{FAE04EC0-301F-11D3-BF4B-00C04F79EFBC}") = "AureliaAspNetCore", "AureliaAspNetCore\AureliaAspNetCore.csproj", "{EF2F8BB5-4B0D-49BF-9F0F-AFE7E700D33C}"
EndProject
Project("{FAE04EC0-301F-11D3-BF4B-00C04F79EFBC}") = "Aurelia.AspNetCore.SpaServices.AureliaCli", "Aurelia.AspNetCore.SpaServices.AureliaCli\Aurelia.AspNetCore.SpaServices.AureliaCli.csproj", "{70EDB464-58A5-434F-94BE-C46F416B1511}"
EndProject
Global
	GlobalSection(SolutionConfigurationPlatforms) = preSolution
		Debug|Any CPU = Debug|Any CPU
		Release|Any CPU = Release|Any CPU
	EndGlobalSection
	GlobalSection(ProjectConfigurationPlatforms) = postSolution
		{EF2F8BB5-4B0D-49BF-9F0F-AFE7E700D33C}.Debug|Any CPU.ActiveCfg = Debug|Any CPU
		{EF2F8BB5-4B0D-49BF-9F0F-AFE7E700D33C}.Debug|Any CPU.Build.0 = Debug|Any CPU
		{EF2F8BB5-4B0D-49BF-9F0F-AFE7E700D33C}.Release|Any CPU.ActiveCfg = Release|Any CPU
		{EF2F8BB5-4B0D-49BF-9F0F-AFE7E700D33C}.Release|Any CPU.Build.0 = Release|Any CPU
		{70EDB464-58A5-434F-94BE-C46F416B1511}.Debug|Any CPU.ActiveCfg = Debug|Any CPU
		{70EDB464-58A5-434F-94BE-C46F416B1511}.Debug|Any CPU.Build.0 = Debug|Any CPU
		{70EDB464-58A5-434F-94BE-C46F416B1511}.Release|Any CPU.ActiveCfg = Release|Any CPU
		{70EDB464-58A5-434F-94BE-C46F416B1511}.Release|Any CPU.Build.0 = Release|Any CPU
	EndGlobalSection
EndGlobal
